
Microsoft Visual Studio Solution File, Format Version 12.00
# Visual Studio 14
VisualStudioVersion = 14.0.23107.0
MinimumVisualStudioVersion = 10.0.40219.1
Project("{F184B08F-C81C-45F6-A57F-5ABD9991F28F}") = "CenterCLR", "CenterCLR\CenterCLR.vbproj", "{32094B0B-1992-4158-87C6-665FCEA8FE54}"
EndProject
Project("{F184B08F-C81C-45F6-A57F-5ABD9991F28F}") = "CenterCLR_Old", "CenterCLR_Old\CenterCLR_Old.vbproj", "{30267ED2-1136-4CC0-9534-9F13E27353F2}"
EndProject
Project("{F184B08F-C81C-45F6-A57F-5ABD9991F28F}") = "CenterCLRWPF", "CenterCLRWPF\CenterCLRWPF.vbproj", "{AF56F94E-1D20-4B7D-9050-EDA05E4CDB1D}"
EndProject
Global
	GlobalSection(SolutionConfigurationPlatforms) = preSolution
		Debug|Any CPU = Debug|Any CPU
		Release|Any CPU = Release|Any CPU
	EndGlobalSection
	GlobalSection(ProjectConfigurationPlatforms) = postSolution
		{32094B0B-1992-4158-87C6-665FCEA8FE54}.Debug|Any CPU.ActiveCfg = Debug|Any CPU
		{32094B0B-1992-4158-87C6-665FCEA8FE54}.Debug|Any CPU.Build.0 = Debug|Any CPU
		{32094B0B-1992-4158-87C6-665FCEA8FE54}.Release|Any CPU.ActiveCfg = Release|Any CPU
		{32094B0B-1992-4158-87C6-665FCEA8FE54}.Release|Any CPU.Build.0 = Release|Any CPU
		{30267ED2-1136-4CC0-9534-9F13E27353F2}.Debug|Any CPU.ActiveCfg = Debug|Any CPU
		{30267ED2-1136-4CC0-9534-9F13E27353F2}.Debug|Any CPU.Build.0 = Debug|Any CPU
		{30267ED2-1136-4CC0-9534-9F13E27353F2}.Release|Any CPU.ActiveCfg = Release|Any CPU
		{30267ED2-1136-4CC0-9534-9F13E27353F2}.Release|Any CPU.Build.0 = Release|Any CPU
		{AF56F94E-1D20-4B7D-9050-EDA05E4CDB1D}.Debug|Any CPU.ActiveCfg = Debug|Any CPU
		{AF56F94E-1D20-4B7D-9050-EDA05E4CDB1D}.Debug|Any CPU.Build.0 = Debug|Any CPU
		{AF56F94E-1D20-4B7D-9050-EDA05E4CDB1D}.Release|Any CPU.ActiveCfg = Release|Any CPU
		{AF56F94E-1D20-4B7D-9050-EDA05E4CDB1D}.Release|Any CPU.Build.0 = Release|Any CPU
	EndGlobalSection
	GlobalSection(SolutionProperties) = preSolution
		HideSolutionNode = FALSE
	EndGlobalSection
EndGlobal
